
Microsoft Visual Studio Solution File, Format Version 12.00
# Visual Studio 2013
VisualStudioVersion = 12.0.21005.1
MinimumVisualStudioVersion = 10.0.40219.1
Project("{2150E333-8FDC-42A3-9474-1A3956D46DE8}") = "Nivel 01 - Entrada, Processamento e Saida", "Nivel 01 - Entrada, Processamento e Saida", "{D80FA21A-8AB7-443F-9662-77E8C1E53E64}"
EndProject
Project("{2150E333-8FDC-42A3-9474-1A3956D46DE8}") = "Nivel 02 - Estruturas Condicionais", "Nivel 02 - Estruturas Condicionais", "{52FD21CC-300A-449B-99BC-98E294B9A484}"
EndProject
Project("{2150E333-8FDC-42A3-9474-1A3956D46DE8}") = "Nivel 03 - Estrutura de seleção", "Nivel 03 - Estrutura de seleção", "{9D0BB072-4E51-4728-A303-E28FDB4DCC3D}"
EndProject
Project("{2150E333-8FDC-42A3-9474-1A3956D46DE8}") = "Nivel 04 - Estrutura de Repetição", "Nivel 04 - Estrutura de Repetição", "{2E3E6E46-7489-48F3-858F-62349CD93463}"
EndProject
Project("{2150E333-8FDC-42A3-9474-1A3956D46DE8}") = "Nivel 05 - Vetores e Matrizes", "Nivel 05 - Vetores e Matrizes", "{4E4CF147-2E68-49E8-ACAD-0F99295BBCAD}"
EndProject
Project("{2150E333-8FDC-42A3-9474-1A3956D46DE8}") = "Nivel 06 - Métodos", "Nivel 06 - Métodos", "{5FDCB750-751F-4782-9822-0A8ABE927E4D}"
EndProject
Project("{FAE04EC0-301F-11D3-BF4B-00C04F79EFBC}") = "Exercicio01", "Exercicio01\Exercicio01.csproj", "{DB624386-1151-46CA-A28F-DF72E50A0C83}"
EndProject
Project("{FAE04EC0-301F-11D3-BF4B-00C04F79EFBC}") = "Exercicio02", "Exercicio02\Exercicio02.csproj", "{03464910-B829-49E0-99FD-20FCE6762DBE}"
EndProject
Project("{FAE04EC0-301F-11D3-BF4B-00C04F79EFBC}") = "Exercicio03", "Exercicio03\Exercicio03.csproj", "{DDA3AC05-5A3F-4321-8BA9-880A4B751C0E}"
EndProject
Project("{FAE04EC0-301F-11D3-BF4B-00C04F79EFBC}") = "Exercicio04", "Exercicio04\Exercicio04.csproj", "{4E7A2D87-76F2-4402-8FB3-5DC62C67D65F}"
EndProject
Project("{FAE04EC0-301F-11D3-BF4B-00C04F79EFBC}") = "Exercicio06", "Exercicio06\Exercicio06.csproj", "{F4193623-6E79-44DF-9660-727E47AAA8EB}"
EndProject
Project("{FAE04EC0-301F-11D3-BF4B-00C04F79EFBC}") = "Exercicio07", "Exercicio07\Exercicio07.csproj", "{D5D815C8-A80E-40CA-AE14-218A81BE8573}"
EndProject
Project("{FAE04EC0-301F-11D3-BF4B-00C04F79EFBC}") = "Exercicio08", "Exercicio08\Exercicio08.csproj", "{B636ABC7-D6B2-4044-9CE7-19C57FBF958E}"
EndProject
Project("{FAE04EC0-301F-11D3-BF4B-00C04F79EFBC}") = "Exercicio09", "Exercicio09\Exercicio09.csproj", "{15145C9E-8274-4991-83DC-9616B92BB202}"
EndProject
Project("{FAE04EC0-301F-11D3-BF4B-00C04F79EFBC}") = "Exercicio10", "Exercicio10\Exercicio10.csproj", "{24AE9BFF-4337-4A6D-A65C-CCDC1A9684B6}"
EndProject
Project("{FAE04EC0-301F-11D3-BF4B-00C04F79EFBC}") = "Exercicio11", "Exercicio11\Exercicio11.csproj", "{87A57D41-66C3-4C80-8F9E-909FD46040D4}"
EndProject
Project("{FAE04EC0-301F-11D3-BF4B-00C04F79EFBC}") = "Exercicio12", "Exercicio12\Exercicio12.csproj", "{4AB71F76-3DE5-45CE-9A28-03CB06D5C886}"
EndProject
Project("{FAE04EC0-301F-11D3-BF4B-00C04F79EFBC}") = "Exercicio13", "Exercicio13\Exercicio13.csproj", "{A0FF820B-895D-4C1E-A3EE-314D463AC2B7}"
EndProject
Project("{FAE04EC0-301F-11D3-BF4B-00C04F79EFBC}") = "Exercicio14", "Exercicio14\Exercicio14.csproj", "{6A1811BD-ED86-469E-95D9-6F22F44E8BA6}"
EndProject
Project("{FAE04EC0-301F-11D3-BF4B-00C04F79EFBC}") = "Exercicio15", "Exercicio15\Exercicio15.csproj", "{FBFFBAD2-BEFB-4B0C-9C89-344BC0447F77}"
EndProject
Project("{FAE04EC0-301F-11D3-BF4B-00C04F79EFBC}") = "Exercicio17", "Exercicio17\Exercicio17.csproj", "{7CFDB577-F26D-4963-9B0B-559E4CCA1C79}"
EndProject
Project("{FAE04EC0-301F-11D3-BF4B-00C04F79EFBC}") = "Exercicio18", "Exercicio18\Exercicio18.csproj", "{CC1923D5-71D1-4369-8585-EDEC3B5B952E}"
EndProject
Project("{FAE04EC0-301F-11D3-BF4B-00C04F79EFBC}") = "Exercicio19", "Exercicio19\Exercicio19.csproj", "{2E601EC7-1860-4494-81F1-46339CCB9846}"
EndProject
Project("{FAE04EC0-301F-11D3-BF4B-00C04F79EFBC}") = "Exercicio20", "Exercicio20\Exercicio20.csproj", "{84B922BC-488C-4F82-9CD6-B5D809A630C5}"
EndProject
Project("{FAE04EC0-301F-11D3-BF4B-00C04F79EFBC}") = "Exercicio21", "Exercicio21\Exercicio21.csproj", "{BA42340C-EBFC-4556-8428-F760DC075A71}"
EndProject
Project("{FAE04EC0-301F-11D3-BF4B-00C04F79EFBC}") = "Exercicio22", "Exercicio22\Exercicio22.csproj", "{7BD0A8F3-2F37-4FE1-AC4B-A6D298BD9FCC}"
EndProject
Project("{FAE04EC0-301F-11D3-BF4B-00C04F79EFBC}") = "Exercicio23", "Exercicio23\Exercicio23.csproj", "{B544D32D-F9F4-44E3-8171-BE27695D47F6}"
EndProject
Global
	GlobalSection(SolutionConfigurationPlatforms) = preSolution
		Debug|Any CPU = Debug|Any CPU
		Release|Any CPU = Release|Any CPU
	EndGlobalSection
	GlobalSection(ProjectConfigurationPlatforms) = postSolution
		{DB624386-1151-46CA-A28F-DF72E50A0C83}.Debug|Any CPU.ActiveCfg = Debug|Any CPU
		{DB624386-1151-46CA-A28F-DF72E50A0C83}.Debug|Any CPU.Build.0 = Debug|Any CPU
		{DB624386-1151-46CA-A28F-DF72E50A0C83}.Release|Any CPU.ActiveCfg = Release|Any CPU
		{DB624386-1151-46CA-A28F-DF72E50A0C83}.Release|Any CPU.Build.0 = Release|Any CPU
		{03464910-B829-49E0-99FD-20FCE6762DBE}.Debug|Any CPU.ActiveCfg = Debug|Any CPU
		{03464910-B829-49E0-99FD-20FCE6762DBE}.Debug|Any CPU.Build.0 = Debug|Any CPU
		{03464910-B829-49E0-99FD-20FCE6762DBE}.Release|Any CPU.ActiveCfg = Release|Any CPU
		{03464910-B829-49E0-99FD-20FCE6762DBE}.Release|Any CPU.Build.0 = Release|Any CPU
		{DDA3AC05-5A3F-4321-8BA9-880A4B751C0E}.Debug|Any CPU.ActiveCfg = Debug|Any CPU
		{DDA3AC05-5A3F-4321-8BA9-880A4B751C0E}.Debug|Any CPU.Build.0 = Debug|Any CPU
		{DDA3AC05-5A3F-4321-8BA9-880A4B751C0E}.Release|Any CPU.ActiveCfg = Release|Any CPU
		{DDA3AC05-5A3F-4321-8BA9-880A4B751C0E}.Release|Any CPU.Build.0 = Release|Any CPU
		{4E7A2D87-76F2-4402-8FB3-5DC62C67D65F}.Debug|Any CPU.ActiveCfg = Debug|Any CPU
		{4E7A2D87-76F2-4402-8FB3-5DC62C67D65F}.Debug|Any CPU.Build.0 = Debug|Any CPU
		{4E7A2D87-76F2-4402-8FB3-5DC62C67D65F}.Release|Any CPU.ActiveCfg = Release|Any CPU
		{4E7A2D87-76F2-4402-8FB3-5DC62C67D65F}.Release|Any CPU.Build.0 = Release|Any CPU
		{F4193623-6E79-44DF-9660-727E47AAA8EB}.Debug|Any CPU.ActiveCfg = Debug|Any CPU
		{F4193623-6E79-44DF-9660-727E47AAA8EB}.Debug|Any CPU.Build.0 = Debug|Any CPU
		{F4193623-6E79-44DF-9660-727E47AAA8EB}.Release|Any CPU.ActiveCfg = Release|Any CPU
		{F4193623-6E79-44DF-9660-727E47AAA8EB}.Release|Any CPU.Build.0 = Release|Any CPU
		{D5D815C8-A80E-40CA-AE14-218A81BE8573}.Debug|Any CPU.ActiveCfg = Debug|Any CPU
		{D5D815C8-A80E-40CA-AE14-218A81BE8573}.Debug|Any CPU.Build.0 = Debug|Any CPU
		{D5D815C8-A80E-40CA-AE14-218A81BE8573}.Release|Any CPU.ActiveCfg = Release|Any CPU
		{D5D815C8-A80E-40CA-AE14-218A81BE8573}.Release|Any CPU.Build.0 = Release|Any CPU
		{B636ABC7-D6B2-4044-9CE7-19C57FBF958E}.Debug|Any CPU.ActiveCfg = Debug|Any CPU
		{B636ABC7-D6B2-4044-9CE7-19C57FBF958E}.Debug|Any CPU.Build.0 = Debug|Any CPU
		{B636ABC7-D6B2-4044-9CE7-19C57FBF958E}.Release|Any CPU.ActiveCfg = Release|Any CPU
		{B636ABC7-D6B2-4044-9CE7-19C57FBF958E}.Release|Any CPU.Build.0 = Release|Any CPU
		{15145C9E-8274-4991-83DC-9616B92BB202}.Debug|Any CPU.ActiveCfg = Debug|Any CPU
		{15145C9E-8274-4991-83DC-9616B92BB202}.Debug|Any CPU.Build.0 = Debug|Any CPU
		{15145C9E-8274-4991-83DC-9616B92BB202}.Release|Any CPU.ActiveCfg = Release|Any CPU
		{15145C9E-8274-4991-83DC-9616B92BB202}.Release|Any CPU.Build.0 = Release|Any CPU
		{24AE9BFF-4337-4A6D-A65C-CCDC1A9684B6}.Debug|Any CPU.ActiveCfg = Debug|Any CPU
		{24AE9BFF-4337-4A6D-A65C-CCDC1A9684B6}.Debug|Any CPU.Build.0 = Debug|Any CPU
		{24AE9BFF-4337-4A6D-A65C-CCDC1A9684B6}.Release|Any CPU.ActiveCfg = Release|Any CPU
		{24AE9BFF-4337-4A6D-A65C-CCDC1A9684B6}.Release|Any CPU.Build.0 = Release|Any CPU
		{87A57D41-66C3-4C80-8F9E-909FD46040D4}.Debug|Any CPU.ActiveCfg = Debug|Any CPU
		{87A57D41-66C3-4C80-8F9E-909FD46040D4}.Debug|Any CPU.Build.0 = Debug|Any CPU
		{87A57D41-66C3-4C80-8F9E-909FD46040D4}.Release|Any CPU.ActiveCfg = Release|Any CPU
		{87A57D41-66C3-4C80-8F9E-909FD46040D4}.Release|Any CPU.Build.0 = Release|Any CPU
		{4AB71F76-3DE5-45CE-9A28-03CB06D5C886}.Debug|Any CPU.ActiveCfg = Debug|Any CPU
		{4AB71F76-3DE5-45CE-9A28-03CB06D5C886}.Debug|Any CPU.Build.0 = Debug|Any CPU
		{4AB71F76-3DE5-45CE-9A28-03CB06D5C886}.Release|Any CPU.ActiveCfg = Release|Any CPU
		{4AB71F76-3DE5-45CE-9A28-03CB06D5C886}.Release|Any CPU.Build.0 = Release|Any CPU
		{A0FF820B-895D-4C1E-A3EE-314D463AC2B7}.Debug|Any CPU.ActiveCfg = Debug|Any CPU
		{A0FF820B-895D-4C1E-A3EE-314D463AC2B7}.Debug|Any CPU.Build.0 = Debug|Any CPU
		{A0FF820B-895D-4C1E-A3EE-314D463AC2B7}.Release|Any CPU.ActiveCfg = Release|Any CPU
		{A0FF820B-895D-4C1E-A3EE-314D463AC2B7}.Release|Any CPU.Build.0 = Release|Any CPU
		{6A1811BD-ED86-469E-95D9-6F22F44E8BA6}.Debug|Any CPU.ActiveCfg = Debug|Any CPU
		{6A1811BD-ED86-469E-95D9-6F22F44E8BA6}.Debug|Any CPU.Build.0 = Debug|Any CPU
		{6A1811BD-ED86-469E-95D9-6F22F44E8BA6}.Release|Any CPU.ActiveCfg = Release|Any CPU
		{6A1811BD-ED86-469E-95D9-6F22F44E8BA6}.Release|Any CPU.Build.0 = Release|Any CPU
		{FBFFBAD2-BEFB-4B0C-9C89-344BC0447F77}.Debug|Any CPU.ActiveCfg = Debug|Any CPU
		{FBFFBAD2-BEFB-4B0C-9C89-344BC0447F77}.Debug|Any CPU.Build.0 = Debug|Any CPU
		{FBFFBAD2-BEFB-4B0C-9C89-344BC0447F77}.Release|Any CPU.ActiveCfg = Release|Any CPU
		{FBFFBAD2-BEFB-4B0C-9C89-344BC0447F77}.Release|Any CPU.Build.0 = Release|Any CPU
		{7CFDB577-F26D-4963-9B0B-559E4CCA1C79}.Debug|Any CPU.ActiveCfg = Debug|Any CPU
		{7CFDB577-F26D-4963-9B0B-559E4CCA1C79}.Debug|Any CPU.Build.0 = Debug|Any CPU
		{7CFDB577-F26D-4963-9B0B-559E4CCA1C79}.Release|Any CPU.ActiveCfg = Release|Any CPU
		{7CFDB577-F26D-4963-9B0B-559E4CCA1C79}.Release|Any CPU.Build.0 = Release|Any CPU
		{CC1923D5-71D1-4369-8585-EDEC3B5B952E}.Debug|Any CPU.ActiveCfg = Debug|Any CPU
		{CC1923D5-71D1-4369-8585-EDEC3B5B952E}.Debug|Any CPU.Build.0 = Debug|Any CPU
		{CC1923D5-71D1-4369-8585-EDEC3B5B952E}.Release|Any CPU.ActiveCfg = Release|Any CPU
		{CC1923D5-71D1-4369-8585-EDEC3B5B952E}.Release|Any CPU.Build.0 = Release|Any CPU
		{2E601EC7-1860-4494-81F1-46339CCB9846}.Debug|Any CPU.ActiveCfg = Debug|Any CPU
		{2E601EC7-1860-4494-81F1-46339CCB9846}.Debug|Any CPU.Build.0 = Debug|Any CPU
		{2E601EC7-1860-4494-81F1-46339CCB9846}.Release|Any CPU.ActiveCfg = Release|Any CPU
		{2E601EC7-1860-4494-81F1-46339CCB9846}.Release|Any CPU.Build.0 = Release|Any CPU
		{84B922BC-488C-4F82-9CD6-B5D809A630C5}.Debug|Any CPU.ActiveCfg = Debug|Any CPU
		{84B922BC-488C-4F82-9CD6-B5D809A630C5}.Debug|Any CPU.Build.0 = Debug|Any CPU
		{84B922BC-488C-4F82-9CD6-B5D809A630C5}.Release|Any CPU.ActiveCfg = Release|Any CPU
		{84B922BC-488C-4F82-9CD6-B5D809A630C5}.Release|Any CPU.Build.0 = Release|Any CPU
		{BA42340C-EBFC-4556-8428-F760DC075A71}.Debug|Any CPU.ActiveCfg = Debug|Any CPU
		{BA42340C-EBFC-4556-8428-F760DC075A71}.Debug|Any CPU.Build.0 = Debug|Any CPU
		{BA42340C-EBFC-4556-8428-F760DC075A71}.Release|Any CPU.ActiveCfg = Release|Any CPU
		{BA42340C-EBFC-4556-8428-F760DC075A71}.Release|Any CPU.Build.0 = Release|Any CPU
		{7BD0A8F3-2F37-4FE1-AC4B-A6D298BD9FCC}.Debug|Any CPU.ActiveCfg = Debug|Any CPU
		{7BD0A8F3-2F37-4FE1-AC4B-A6D298BD9FCC}.Debug|Any CPU.Build.0 = Debug|Any CPU
		{7BD0A8F3-2F37-4FE1-AC4B-A6D298BD9FCC}.Release|Any CPU.ActiveCfg = Release|Any CPU
		{7BD0A8F3-2F37-4FE1-AC4B-A6D298BD9FCC}.Release|Any CPU.Build.0 = Release|Any CPU
		{B544D32D-F9F4-44E3-8171-BE27695D47F6}.Debug|Any CPU.ActiveCfg = Debug|Any CPU
		{B544D32D-F9F4-44E3-8171-BE27695D47F6}.Debug|Any CPU.Build.0 = Debug|Any CPU
		{B544D32D-F9F4-44E3-8171-BE27695D47F6}.Release|Any CPU.ActiveCfg = Release|Any CPU
		{B544D32D-F9F4-44E3-8171-BE27695D47F6}.Release|Any CPU.Build.0 = Release|Any CPU
	EndGlobalSection
	GlobalSection(SolutionProperties) = preSolution
		HideSolutionNode = FALSE
	EndGlobalSection
	GlobalSection(NestedProjects) = preSolution
		{DB624386-1151-46CA-A28F-DF72E50A0C83} = {D80FA21A-8AB7-443F-9662-77E8C1E53E64}
		{03464910-B829-49E0-99FD-20FCE6762DBE} = {D80FA21A-8AB7-443F-9662-77E8C1E53E64}
		{DDA3AC05-5A3F-4321-8BA9-880A4B751C0E} = {D80FA21A-8AB7-443F-9662-77E8C1E53E64}
		{4E7A2D87-76F2-4402-8FB3-5DC62C67D65F} = {D80FA21A-8AB7-443F-9662-77E8C1E53E64}
		{F4193623-6E79-44DF-9660-727E47AAA8EB} = {D80FA21A-8AB7-443F-9662-77E8C1E53E64}
		{D5D815C8-A80E-40CA-AE14-218A81BE8573} = {D80FA21A-8AB7-443F-9662-77E8C1E53E64}
		{B636ABC7-D6B2-4044-9CE7-19C57FBF958E} = {D80FA21A-8AB7-443F-9662-77E8C1E53E64}
		{15145C9E-8274-4991-83DC-9616B92BB202} = {D80FA21A-8AB7-443F-9662-77E8C1E53E64}
		{24AE9BFF-4337-4A6D-A65C-CCDC1A9684B6} = {D80FA21A-8AB7-443F-9662-77E8C1E53E64}
		{87A57D41-66C3-4C80-8F9E-909FD46040D4} = {52FD21CC-300A-449B-99BC-98E294B9A484}
		{4AB71F76-3DE5-45CE-9A28-03CB06D5C886} = {52FD21CC-300A-449B-99BC-98E294B9A484}
		{A0FF820B-895D-4C1E-A3EE-314D463AC2B7} = {52FD21CC-300A-449B-99BC-98E294B9A484}
		{6A1811BD-ED86-469E-95D9-6F22F44E8BA6} = {52FD21CC-300A-449B-99BC-98E294B9A484}
		{FBFFBAD2-BEFB-4B0C-9C89-344BC0447F77} = {52FD21CC-300A-449B-99BC-98E294B9A484}
		{7CFDB577-F26D-4963-9B0B-559E4CCA1C79} = {52FD21CC-300A-449B-99BC-98E294B9A484}
		{CC1923D5-71D1-4369-8585-EDEC3B5B952E} = {52FD21CC-300A-449B-99BC-98E294B9A484}
		{2E601EC7-1860-4494-81F1-46339CCB9846} = {52FD21CC-300A-449B-99BC-98E294B9A484}
		{84B922BC-488C-4F82-9CD6-B5D809A630C5} = {52FD21CC-300A-449B-99BC-98E294B9A484}
		{BA42340C-EBFC-4556-8428-F760DC075A71} = {52FD21CC-300A-449B-99BC-98E294B9A484}
		{7BD0A8F3-2F37-4FE1-AC4B-A6D298BD9FCC} = {52FD21CC-300A-449B-99BC-98E294B9A484}
		{B544D32D-F9F4-44E3-8171-BE27695D47F6} = {9D0BB072-4E51-4728-A303-E28FDB4DCC3D}
	EndGlobalSection
EndGlobal
